
Microsoft Visual Studio Solution File, Format Version 12.00
# Visual Studio 15
VisualStudioVersion = 15.0.27130.0
MinimumVisualStudioVersion = 10.0.40219.1
Project("{FAE04EC0-301F-11D3-BF4B-00C04F79EFBC}") = "NativeDependencyTest", "NativeDependencyTest\NativeDependencyTest.csproj", "{CBCE7A75-E279-46D7-B3F2-527D8D73D681}"
EndProject
Global
	GlobalSection(SolutionConfigurationPlatforms) = preSolution
		Debug|Any CPU = Debug|Any CPU
		Release|Any CPU = Release|Any CPU
	EndGlobalSection
	GlobalSection(ProjectConfigurationPlatforms) = postSolution
		{CBCE7A75-E279-46D7-B3F2-527D8D73D681}.Debug|Any CPU.ActiveCfg = Debug|Any CPU
		{CBCE7A75-E279-46D7-B3F2-527D8D73D681}.Debug|Any CPU.Build.0 = Debug|Any CPU
		{CBCE7A75-E279-46D7-B3F2-527D8D73D681}.Release|Any CPU.ActiveCfg = Release|Any CPU
		{CBCE7A75-E279-46D7-B3F2-527D8D73D681}.Release|Any CPU.Build.0 = Release|Any CPU
	EndGlobalSection
	GlobalSection(SolutionProperties) = preSolution
		HideSolutionNode = FALSE
	EndGlobalSection
	GlobalSection(ExtensibilityGlobals) = postSolution
		SolutionGuid = {B0B74A08-E171-4944-8FD1-AFD81E80F075}
	EndGlobalSection
EndGlobal
